
Microsoft Visual Studio Solution File, Format Version 12.00
# Visual Studio 15
VisualStudioVersion = 15.0.27703.2042
MinimumVisualStudioVersion = 10.0.40219.1
Project("{9A19103F-16F7-4668-BE54-9A1E7A4F7556}") = "PathHunt.Web.API", "PathHunt.Web.API\PathHunt.Web.API.csproj", "{6FC606C2-0986-4DC1-8B1D-B4317BA3C783}"
EndProject
Project("{9A19103F-16F7-4668-BE54-9A1E7A4F7556}") = "PathHunt.BusinessLayer", "..\PathHunt.BusinessLayer\PathHunt.BusinessLayer.csproj", "{66190D93-5A22-4B0F-874E-53B8241FF3BF}"
EndProject
Project("{9A19103F-16F7-4668-BE54-9A1E7A4F7556}") = "PathHunt.DataLayer", "..\PathHunt.DataLayer\PathHunt.DataLayer.csproj", "{55DA54DA-28EC-4FAA-9A63-90405B655817}"
EndProject
Project("{FAE04EC0-301F-11D3-BF4B-00C04F79EFBC}") = "XUnitTestPathHunt", "..\XUnitTestPathHunt\XUnitTestPathHunt.csproj", "{A5E9720F-ADCE-4991-95D6-2D92735D4EE7}"
EndProject
Global
	GlobalSection(SolutionConfigurationPlatforms) = preSolution
		Debug|Any CPU = Debug|Any CPU
		Release|Any CPU = Release|Any CPU
	EndGlobalSection
	GlobalSection(ProjectConfigurationPlatforms) = postSolution
		{6FC606C2-0986-4DC1-8B1D-B4317BA3C783}.Debug|Any CPU.ActiveCfg = Debug|Any CPU
		{6FC606C2-0986-4DC1-8B1D-B4317BA3C783}.Debug|Any CPU.Build.0 = Debug|Any CPU
		{6FC606C2-0986-4DC1-8B1D-B4317BA3C783}.Release|Any CPU.ActiveCfg = Release|Any CPU
		{6FC606C2-0986-4DC1-8B1D-B4317BA3C783}.Release|Any CPU.Build.0 = Release|Any CPU
		{66190D93-5A22-4B0F-874E-53B8241FF3BF}.Debug|Any CPU.ActiveCfg = Debug|Any CPU
		{66190D93-5A22-4B0F-874E-53B8241FF3BF}.Debug|Any CPU.Build.0 = Debug|Any CPU
		{66190D93-5A22-4B0F-874E-53B8241FF3BF}.Release|Any CPU.ActiveCfg = Release|Any CPU
		{66190D93-5A22-4B0F-874E-53B8241FF3BF}.Release|Any CPU.Build.0 = Release|Any CPU
		{55DA54DA-28EC-4FAA-9A63-90405B655817}.Debug|Any CPU.ActiveCfg = Debug|Any CPU
		{55DA54DA-28EC-4FAA-9A63-90405B655817}.Debug|Any CPU.Build.0 = Debug|Any CPU
		{55DA54DA-28EC-4FAA-9A63-90405B655817}.Release|Any CPU.ActiveCfg = Release|Any CPU
		{55DA54DA-28EC-4FAA-9A63-90405B655817}.Release|Any CPU.Build.0 = Release|Any CPU
		{A5E9720F-ADCE-4991-95D6-2D92735D4EE7}.Debug|Any CPU.ActiveCfg = Debug|Any CPU
		{A5E9720F-ADCE-4991-95D6-2D92735D4EE7}.Debug|Any CPU.Build.0 = Debug|Any CPU
		{A5E9720F-ADCE-4991-95D6-2D92735D4EE7}.Release|Any CPU.ActiveCfg = Release|Any CPU
		{A5E9720F-ADCE-4991-95D6-2D92735D4EE7}.Release|Any CPU.Build.0 = Release|Any CPU
	EndGlobalSection
	GlobalSection(SolutionProperties) = preSolution
		HideSolutionNode = FALSE
	EndGlobalSection
	GlobalSection(ExtensibilityGlobals) = postSolution
		SolutionGuid = {BA60E2B1-EE58-488C-BC6E-BF3415EAAB19}
	EndGlobalSection
EndGlobal
